
Microsoft Visual Studio Solution File, Format Version 12.00
# Visual Studio 15
VisualStudioVersion = 15.0.28307.1758
MinimumVisualStudioVersion = 10.0.40219.1
Project("{FAE04EC0-301F-11D3-BF4B-00C04F79EFBC}") = "San Basillo Credit Coop V1", "San Basillo Credit Coop V1\San Basillo Credit Coop V1.csproj", "{08162673-7A22-4CDB-A29E-30F81036D6A3}"
EndProject
Global
	GlobalSection(SolutionConfigurationPlatforms) = preSolution
		Debug|Any CPU = Debug|Any CPU
		Release|Any CPU = Release|Any CPU
	EndGlobalSection
	GlobalSection(ProjectConfigurationPlatforms) = postSolution
		{08162673-7A22-4CDB-A29E-30F81036D6A3}.Debug|Any CPU.ActiveCfg = Debug|Any CPU
		{08162673-7A22-4CDB-A29E-30F81036D6A3}.Debug|Any CPU.Build.0 = Debug|Any CPU
		{08162673-7A22-4CDB-A29E-30F81036D6A3}.Release|Any CPU.ActiveCfg = Release|Any CPU
		{08162673-7A22-4CDB-A29E-30F81036D6A3}.Release|Any CPU.Build.0 = Release|Any CPU
	EndGlobalSection
	GlobalSection(SolutionProperties) = preSolution
		HideSolutionNode = FALSE
	EndGlobalSection
	GlobalSection(ExtensibilityGlobals) = postSolution
		SolutionGuid = {AEBE8C34-AE75-42F1-8799-2431FD8FC9A9}
	EndGlobalSection
EndGlobal
